// !$*UTF8*$!
{
	archiveVersion = 1;
	classes = {
	};
	objectVersion = 51;
	objects = {

/* Begin PBXBuildFile section */
		2696A611F92B181952A118F2 /* Pods_FlixApp.framework in Frameworks */ = {isa = PBXBuildFile; fileRef = DB2F5D267F616BD941447AC7 /* Pods_FlixApp.framework */; };
		539AFC4E718E82477AAB6154 /* Pods_FlixApp_FlixAppUITests.framework in Frameworks */ = {isa = PBXBuildFile; fileRef = 82CC7D56CDA719D4D794F813 /* Pods_FlixApp_FlixAppUITests.framework */; };
		5848F9EF25E837CC00CC13F6 /* MovieGridViewController.swift in Sources */ = {isa = PBXBuildFile; fileRef = 5848F9EE25E837CC00CC13F6 /* MovieGridViewController.swift */; };
		5867009D25DED324006DB727 /* MovieCell.swift in Sources */ = {isa = PBXBuildFile; fileRef = 5867009C25DED324006DB727 /* MovieCell.swift */; };
		5870852025DB1B86000BDB10 /* AppDelegate.swift in Sources */ = {isa = PBXBuildFile; fileRef = 5870851F25DB1B86000BDB10 /* AppDelegate.swift */; };
		5870852225DB1B86000BDB10 /* SceneDelegate.swift in Sources */ = {isa = PBXBuildFile; fileRef = 5870852125DB1B86000BDB10 /* SceneDelegate.swift */; };
		5870852725DB1B86000BDB10 /* Main.storyboard in Resources */ = {isa = PBXBuildFile; fileRef = 5870852525DB1B86000BDB10 /* Main.storyboard */; };
		5870852925DB1B89000BDB10 /* Assets.xcassets in Resources */ = {isa = PBXBuildFile; fileRef = 5870852825DB1B89000BDB10 /* Assets.xcassets */; };
		5870852C25DB1B89000BDB10 /* LaunchScreen.storyboard in Resources */ = {isa = PBXBuildFile; fileRef = 5870852A25DB1B89000BDB10 /* LaunchScreen.storyboard */; };
		5870853725DB1B8A000BDB10 /* FlixAppTests.swift in Sources */ = {isa = PBXBuildFile; fileRef = 5870853625DB1B8A000BDB10 /* FlixAppTests.swift */; };
		5870854225DB1B8A000BDB10 /* FlixAppUITests.swift in Sources */ = {isa = PBXBuildFile; fileRef = 5870854125DB1B8A000BDB10 /* FlixAppUITests.swift */; };
		5870855625DB1F23000BDB10 /* MoviesViewController.swift in Sources */ = {isa = PBXBuildFile; fileRef = 5870855525DB1F23000BDB10 /* MoviesViewController.swift */; };
		589DA7F825E6FB6A00C194A3 /* MovieDetailsViewController.swift in Sources */ = {isa = PBXBuildFile; fileRef = 589DA7F725E6FB6A00C194A3 /* MovieDetailsViewController.swift */; };
		79F187BF37D04ABB075BB7C0 /* Pods_FlixAppTests.framework in Frameworks */ = {isa = PBXBuildFile; fileRef = 4FB42ECF25E325436705E13C /* Pods_FlixAppTests.framework */; };
/* End PBXBuildFile section */

/* Begin PBXContainerItemProxy section */
		5870853325DB1B8A000BDB10 /* PBXContainerItemProxy */ = {
			isa = PBXContainerItemProxy;
			containerPortal = 5870851425DB1B86000BDB10 /* Project object */;
			proxyType = 1;
			remoteGlobalIDString = 5870851B25DB1B86000BDB10;
			remoteInfo = FlixApp;
		};
		5870853E25DB1B8A000BDB10 /* PBXContainerItemProxy */ = {
			isa = PBXContainerItemProxy;
			containerPortal = 5870851425DB1B86000BDB10 /* Project object */;
			proxyType = 1;
			remoteGlobalIDString = 5870851B25DB1B86000BDB10;
			remoteInfo = FlixApp;
		};
/* End PBXContainerItemProxy section */

/* Begin PBXFileReference section */
		0C50F5E9C4E6A81F58A3948F /* Pods-FlixAppTests.debug.xcconfig */ = {isa = PBXFileReference; includeInIndex = 1; lastKnownFileType = text.xcconfig; name = "Pods-FlixAppTests.debug.xcconfig"; path = "Target Support Files/Pods-FlixAppTests/Pods-FlixAppTests.debug.xcconfig"; sourceTree = "<group>"; };
		2AC6FDC1E2755655786FC3AC /* Pods-FlixApp.release.xcconfig */ = {isa = PBXFileReference; includeInIndex = 1; lastKnownFileType = text.xcconfig; name = "Pods-FlixApp.release.xcconfig"; path = "Target Support Files/Pods-FlixApp/Pods-FlixApp.release.xcconfig"; sourceTree = "<group>"; };
		4FB42ECF25E325436705E13C /* Pods_FlixAppTests.framework */ = {isa = PBXFileReference; explicitFileType = wrapper.framework; includeInIndex = 0; path = Pods_FlixAppTests.framework; sourceTree = BUILT_PRODUCTS_DIR; };
		5252AF6986DB28C99E64E373 /* Pods-FlixApp-FlixAppUITests.debug.xcconfig */ = {isa = PBXFileReference; includeInIndex = 1; lastKnownFileType = text.xcconfig; name = "Pods-FlixApp-FlixAppUITests.debug.xcconfig"; path = "Target Support Files/Pods-FlixApp-FlixAppUITests/Pods-FlixApp-FlixAppUITests.debug.xcconfig"; sourceTree = "<group>"; };
		5848F9EE25E837CC00CC13F6 /* MovieGridViewController.swift */ = {isa = PBXFileReference; lastKnownFileType = sourcecode.swift; path = MovieGridViewController.swift; sourceTree = "<group>"; };
		5867009C25DED324006DB727 /* MovieCell.swift */ = {isa = PBXFileReference; lastKnownFileType = sourcecode.swift; path = MovieCell.swift; sourceTree = "<group>"; };
		5870851C25DB1B86000BDB10 /* FlixApp.app */ = {isa = PBXFileReference; explicitFileType = wrapper.application; includeInIndex = 0; path = FlixApp.app; sourceTree = BUILT_PRODUCTS_DIR; };
		5870851F25DB1B86000BDB10 /* AppDelegate.swift */ = {isa = PBXFileReference; lastKnownFileType = sourcecode.swift; path = AppDelegate.swift; sourceTree = "<group>"; };
		5870852125DB1B86000BDB10 /* SceneDelegate.swift */ = {isa = PBXFileReference; lastKnownFileType = sourcecode.swift; path = SceneDelegate.swift; sourceTree = "<group>"; };
		5870852625DB1B86000BDB10 /* Base */ = {isa = PBXFileReference; lastKnownFileType = file.storyboard; name = Base; path = Base.lproj/Main.storyboard; sourceTree = "<group>"; };
		5870852825DB1B89000BDB10 /* Assets.xcassets */ = {isa = PBXFileReference; lastKnownFileType = folder.assetcatalog; path = Assets.xcassets; sourceTree = "<group>"; };
		5870852B25DB1B89000BDB10 /* Base */ = {isa = PBXFileReference; lastKnownFileType = file.storyboard; name = Base; path = Base.lproj/LaunchScreen.storyboard; sourceTree = "<group>"; };
		5870852D25DB1B89000BDB10 /* Info.plist */ = {isa = PBXFileReference; lastKnownFileType = text.plist.xml; path = Info.plist; sourceTree = "<group>"; };
		5870853225DB1B8A000BDB10 /* FlixAppTests.xctest */ = {isa = PBXFileReference; explicitFileType = wrapper.cfbundle; includeInIndex = 0; path = FlixAppTests.xctest; sourceTree = BUILT_PRODUCTS_DIR; };
		5870853625DB1B8A000BDB10 /* FlixAppTests.swift */ = {isa = PBXFileReference; lastKnownFileType = sourcecode.swift; path = FlixAppTests.swift; sourceTree = "<group>"; };
		5870853825DB1B8A000BDB10 /* Info.plist */ = {isa = PBXFileReference; lastKnownFileType = text.plist.xml; path = Info.plist; sourceTree = "<group>"; };
		5870853D25DB1B8A000BDB10 /* FlixAppUITests.xctest */ = {isa = PBXFileReference; explicitFileType = wrapper.cfbundle; includeInIndex = 0; path = FlixAppUITests.xctest; sourceTree = BUILT_PRODUCTS_DIR; };
		5870854125DB1B8A000BDB10 /* FlixAppUITests.swift */ = {isa = PBXFileReference; lastKnownFileType = sourcecode.swift; path = FlixAppUITests.swift; sourceTree = "<group>"; };
		5870854325DB1B8A000BDB10 /* Info.plist */ = {isa = PBXFileReference; lastKnownFileType = text.plist.xml; path = Info.plist; sourceTree = "<group>"; };
		5870855525DB1F23000BDB10 /* MoviesViewController.swift */ = {isa = PBXFileReference; lastKnownFileType = sourcecode.swift; path = MoviesViewController.swift; sourceTree = "<group>"; };
		589DA7F725E6FB6A00C194A3 /* MovieDetailsViewController.swift */ = {isa = PBXFileReference; lastKnownFileType = sourcecode.swift; path = MovieDetailsViewController.swift; sourceTree = "<group>"; };
		82CC7D56CDA719D4D794F813 /* Pods_FlixApp_FlixAppUITests.framework */ = {isa = PBXFileReference; explicitFileType = wrapper.framework; includeInIndex = 0; path = Pods_FlixApp_FlixAppUITests.framework; sourceTree = BUILT_PRODUCTS_DIR; };
		D46C0B5A4AE5CFDD422147E2 /* Pods-FlixApp-FlixAppUITests.release.xcconfig */ = {isa = PBXFileReference; includeInIndex = 1; lastKnownFileType = text.xcconfig; name = "Pods-FlixApp-FlixAppUITests.release.xcconfig"; path = "Target Support Files/Pods-FlixApp-FlixAppUITests/Pods-FlixApp-FlixAppUITests.release.xcconfig"; sourceTree = "<group>"; };
		DB2F5D267F616BD941447AC7 /* Pods_FlixApp.framework */ = {isa = PBXFileReference; explicitFileType = wrapper.framework; includeInIndex = 0; path = Pods_FlixApp.framework; sourceTree = BUILT_PRODUCTS_DIR; };
		DCE017818093357982CCF7AD /* Pods-FlixAppTests.release.xcconfig */ = {isa = PBXFileReference; includeInIndex = 1; lastKnownFileType = text.xcconfig; name = "Pods-FlixAppTests.release.xcconfig"; path = "Target Support Files/Pods-FlixAppTests/Pods-FlixAppTests.release.xcconfig"; sourceTree = "<group>"; };
		EA137187C4B0F18AD6FF596B /* Pods-FlixApp.debug.xcconfig */ = {isa = PBXFileReference; includeInIndex = 1; lastKnownFileType = text.xcconfig; name = "Pods-FlixApp.debug.xcconfig"; path = "Target Support Files/Pods-FlixApp/Pods-FlixApp.debug.xcconfig"; sourceTree = "<group>"; };
/* End PBXFileReference section */

/* Begin PBXFrameworksBuildPhase section */
		5870851925DB1B86000BDB10 /* Frameworks */ = {
			isa = PBXFrameworksBuildPhase;
			buildActionMask = 2147483647;
			files = (
				2696A611F92B181952A118F2 /* Pods_FlixApp.framework in Frameworks */,
			);
			runOnlyForDeploymentPostprocessing = 0;
		};
		5870852F25DB1B8A000BDB10 /* Frameworks */ = {
			isa = PBXFrameworksBuildPhase;
			buildActionMask = 2147483647;
			files = (
				79F187BF37D04ABB075BB7C0 /* Pods_FlixAppTests.framework in Frameworks */,
			);
			runOnlyForDeploymentPostprocessing = 0;
		};
		5870853A25DB1B8A000BDB10 /* Frameworks */ = {
			isa = PBXFrameworksBuildPhase;
			buildActionMask = 2147483647;
			files = (
				539AFC4E718E82477AAB6154 /* Pods_FlixApp_FlixAppUITests.framework in Frameworks */,
			);
			runOnlyForDeploymentPostprocessing = 0;
		};
/* End PBXFrameworksBuildPhase section */

/* Begin PBXGroup section */
		2978AA6FD9D7C65AD1C5B06A /* Pods */ = {
			isa = PBXGroup;
			children = (
				EA137187C4B0F18AD6FF596B /* Pods-FlixApp.debug.xcconfig */,
				2AC6FDC1E2755655786FC3AC /* Pods-FlixApp.release.xcconfig */,
				5252AF6986DB28C99E64E373 /* Pods-FlixApp-FlixAppUITests.debug.xcconfig */,
				D46C0B5A4AE5CFDD422147E2 /* Pods-FlixApp-FlixAppUITests.release.xcconfig */,
				0C50F5E9C4E6A81F58A3948F /* Pods-FlixAppTests.debug.xcconfig */,
				DCE017818093357982CCF7AD /* Pods-FlixAppTests.release.xcconfig */,
			);
			path = Pods;
			sourceTree = "<group>";
		};
		5870851325DB1B86000BDB10 = {
			isa = PBXGroup;
			children = (
				5870851E25DB1B86000BDB10 /* FlixApp */,
				5870853525DB1B8A000BDB10 /* FlixAppTests */,
				5870854025DB1B8A000BDB10 /* FlixAppUITests */,
				5870851D25DB1B86000BDB10 /* Products */,
				2978AA6FD9D7C65AD1C5B06A /* Pods */,
				F85646D7BCF58E93B2EB060D /* Frameworks */,
			);
			sourceTree = "<group>";
		};
		5870851D25DB1B86000BDB10 /* Products */ = {
			isa = PBXGroup;
			children = (
				5870851C25DB1B86000BDB10 /* FlixApp.app */,
				5870853225DB1B8A000BDB10 /* FlixAppTests.xctest */,
				5870853D25DB1B8A000BDB10 /* FlixAppUITests.xctest */,
			);
			name = Products;
			sourceTree = "<group>";
		};
		5870851E25DB1B86000BDB10 /* FlixApp */ = {
			isa = PBXGroup;
			children = (
				5870851F25DB1B86000BDB10 /* AppDelegate.swift */,
				5870852125DB1B86000BDB10 /* SceneDelegate.swift */,
				5870852525DB1B86000BDB10 /* Main.storyboard */,
				5870852825DB1B89000BDB10 /* Assets.xcassets */,
				5870852A25DB1B89000BDB10 /* LaunchScreen.storyboard */,
				5870852D25DB1B89000BDB10 /* Info.plist */,
				5870855525DB1F23000BDB10 /* MoviesViewController.swift */,
				5867009C25DED324006DB727 /* MovieCell.swift */,
				589DA7F725E6FB6A00C194A3 /* MovieDetailsViewController.swift */,
				5848F9EE25E837CC00CC13F6 /* MovieGridViewController.swift */,
			);
			path = FlixApp;
			sourceTree = "<group>";
		};
		5870853525DB1B8A000BDB10 /* FlixAppTests */ = {
			isa = PBXGroup;
			children = (
				5870853625DB1B8A000BDB10 /* FlixAppTests.swift */,
				5870853825DB1B8A000BDB10 /* Info.plist */,
			);
			path = FlixAppTests;
			sourceTree = "<group>";
		};
		5870854025DB1B8A000BDB10 /* FlixAppUITests */ = {
			isa = PBXGroup;
			children = (
				5870854125DB1B8A000BDB10 /* FlixAppUITests.swift */,
				5870854325DB1B8A000BDB10 /* Info.plist */,
			);
			path = FlixAppUITests;
			sourceTree = "<group>";
		};
		F85646D7BCF58E93B2EB060D /* Frameworks */ = {
			isa = PBXGroup;
			children = (
				DB2F5D267F616BD941447AC7 /* Pods_FlixApp.framework */,
				82CC7D56CDA719D4D794F813 /* Pods_FlixApp_FlixAppUITests.framework */,
				4FB42ECF25E325436705E13C /* Pods_FlixAppTests.framework */,
			);
			name = Frameworks;
			sourceTree = "<group>";
		};
/* End PBXGroup section */

/* Begin PBXNativeTarget section */
		5870851B25DB1B86000BDB10 /* FlixApp */ = {
			isa = PBXNativeTarget;
			buildConfigurationList = 5870854625DB1B8A000BDB10 /* Build configuration list for PBXNativeTarget "FlixApp" */;
			buildPhases = (
				46BDB8B98E89027210357E32 /* [CP] Check Pods Manifest.lock */,
				5870851825DB1B86000BDB10 /* Sources */,
				5870851925DB1B86000BDB10 /* Frameworks */,
				5870851A25DB1B86000BDB10 /* Resources */,
				F562E7F5138B638ACEB9B5B4 /* [CP] Embed Pods Frameworks */,
			);
			buildRules = (
			);
			dependencies = (
			);
			name = FlixApp;
			productName = FlixApp;
			productReference = 5870851C25DB1B86000BDB10 /* FlixApp.app */;
			productType = "com.apple.product-type.application";
		};
		5870853125DB1B8A000BDB10 /* FlixAppTests */ = {
			isa = PBXNativeTarget;
			buildConfigurationList = 5870854925DB1B8A000BDB10 /* Build configuration list for PBXNativeTarget "FlixAppTests" */;
			buildPhases = (
				5386A4C8548381F67F57D968 /* [CP] Check Pods Manifest.lock */,
				5870852E25DB1B8A000BDB10 /* Sources */,
				5870852F25DB1B8A000BDB10 /* Frameworks */,
				5870853025DB1B8A000BDB10 /* Resources */,
			);
			buildRules = (
			);
			dependencies = (
				5870853425DB1B8A000BDB10 /* PBXTargetDependency */,
			);
			name = FlixAppTests;
			productName = FlixAppTests;
			productReference = 5870853225DB1B8A000BDB10 /* FlixAppTests.xctest */;
			productType = "com.apple.product-type.bundle.unit-test";
		};
		5870853C25DB1B8A000BDB10 /* FlixAppUITests */ = {
			isa = PBXNativeTarget;
			buildConfigurationList = 5870854C25DB1B8A000BDB10 /* Build configuration list for PBXNativeTarget "FlixAppUITests" */;
			buildPhases = (
				CF3475267120C8E8D6802B2E /* [CP] Check Pods Manifest.lock */,
				5870853925DB1B8A000BDB10 /* Sources */,
				5870853A25DB1B8A000BDB10 /* Frameworks */,
				5870853B25DB1B8A000BDB10 /* Resources */,
				DD551416C7FA2BBF567314A2 /* [CP] Embed Pods Frameworks */,
			);
			buildRules = (
			);
			dependencies = (
				5870853F25DB1B8A000BDB10 /* PBXTargetDependency */,
			);
			name = FlixAppUITests;
			productName = FlixAppUITests;
			productReference = 5870853D25DB1B8A000BDB10 /* FlixAppUITests.xctest */;
			productType = "com.apple.product-type.bundle.ui-testing";
		};
/* End PBXNativeTarget section */

/* Begin PBXProject section */
		5870851425DB1B86000BDB10 /* Project object */ = {
			isa = PBXProject;
			attributes = {
				LastSwiftUpdateCheck = 1240;
				LastUpgradeCheck = 1240;
				TargetAttributes = {
					5870851B25DB1B86000BDB10 = {
						CreatedOnToolsVersion = 12.4;
					};
					5870853125DB1B8A000BDB10 = {
						CreatedOnToolsVersion = 12.4;
						TestTargetID = 5870851B25DB1B86000BDB10;
					};
					5870853C25DB1B8A000BDB10 = {
						CreatedOnToolsVersion = 12.4;
						TestTargetID = 5870851B25DB1B86000BDB10;
					};
				};
			};
			buildConfigurationList = 5870851725DB1B86000BDB10 /* Build configuration list for PBXProject "FlixApp" */;
			compatibilityVersion = "Xcode 9.3";
			developmentRegion = en;
			hasScannedForEncodings = 0;
			knownRegions = (
				en,
				Base,
			);
			mainGroup = 5870851325DB1B86000BDB10;
			productRefGroup = 5870851D25DB1B86000BDB10 /* Products */;
			projectDirPath = "";
			projectRoot = "";
			targets = (
				5870851B25DB1B86000BDB10 /* FlixApp */,
				5870853125DB1B8A000BDB10 /* FlixAppTests */,
				5870853C25DB1B8A000BDB10 /* FlixAppUITests */,
			);
		};
/* End PBXProject section */

/* Begin PBXResourcesBuildPhase section */
		5870851A25DB1B86000BDB10 /* Resources */ = {
			isa = PBXResourcesBuildPhase;
			buildActionMask = 2147483647;
			files = (
				5870852C25DB1B89000BDB10 /* LaunchScreen.storyboard in Resources */,
				5870852925DB1B89000BDB10 /* Assets.xcassets in Resources */,
				5870852725DB1B86000BDB10 /* Main.storyboard in Resources */,
			);
			runOnlyForDeploymentPostprocessing = 0;
		};
		5870853025DB1B8A000BDB10 /* Resources */ = {
			isa = PBXResourcesBuildPhase;
			buildActionMask = 2147483647;
			files = (
			);
			runOnlyForDeploymentPostprocessing = 0;
		};
		5870853B25DB1B8A000BDB10 /* Resources */ = {
			isa = PBXResourcesBuildPhase;
			buildActionMask = 2147483647;
			files = (
			);
			runOnlyForDeploymentPostprocessing = 0;
		};
/* End PBXResourcesBuildPhase section */

/* Begin PBXShellScriptBuildPhase section */
		46BDB8B98E89027210357E32 /* [CP] Check Pods Manifest.lock */ = {
			isa = PBXShellScriptBuildPhase;
			buildActionMask = 2147483647;
			files = (
			);
			inputFileListPaths = (
			);
			inputPaths = (
				"${PODS_PODFILE_DIR_PATH}/Podfile.lock",
				"${PODS_ROOT}/Manifest.lock",
			);
			name = "[CP] Check Pods Manifest.lock";
			outputFileListPaths = (
			);
			outputPaths = (
				"$(DERIVED_FILE_DIR)/Pods-FlixApp-checkManifestLockResult.txt",
			);
			runOnlyForDeploymentPostprocessing = 0;
			shellPath = /bin/sh;
			shellScript = "diff \"${PODS_PODFILE_DIR_PATH}/Podfile.lock\" \"${PODS_ROOT}/Manifest.lock\" > /dev/null\nif [ $? != 0 ] ; then\n    # print error to STDERR\n    echo \"error: The sandbox is not in sync with the Podfile.lock. Run 'pod install' or update your CocoaPods installation.\" >&2\n    exit 1\nfi\n# This output is used by Xcode 'outputs' to avoid re-running this script phase.\necho \"SUCCESS\" > \"${SCRIPT_OUTPUT_FILE_0}\"\n";
			showEnvVarsInLog = 0;
		};
		5386A4C8548381F67F57D968 /* [CP] Check Pods Manifest.lock */ = {
			isa = PBXShellScriptBuildPhase;
			buildActionMask = 2147483647;
			files = (
			);
			inputFileListPaths = (
			);
			inputPaths = (
				"${PODS_PODFILE_DIR_PATH}/Podfile.lock",
				"${PODS_ROOT}/Manifest.lock",
			);
			name = "[CP] Check Pods Manifest.lock";
			outputFileListPaths = (
			);
			outputPaths = (
				"$(DERIVED_FILE_DIR)/Pods-FlixAppTests-checkManifestLockResult.txt",
			);
			runOnlyForDeploymentPostprocessing = 0;
			shellPath = /bin/sh;
			shellScript = "diff \"${PODS_PODFILE_DIR_PATH}/Podfile.lock\" \"${PODS_ROOT}/Manifest.lock\" > /dev/null\nif [ $? != 0 ] ; then\n    # print error to STDERR\n    echo \"error: The sandbox is not in sync with the Podfile.lock. Run 'pod install' or update your CocoaPods installation.\" >&2\n    exit 1\nfi\n# This output is used by Xcode 'outputs' to avoid re-running this script phase.\necho \"SUCCESS\" > \"${SCRIPT_OUTPUT_FILE_0}\"\n";
			showEnvVarsInLog = 0;
		};
		CF3475267120C8E8D6802B2E /* [CP] Check Pods Manifest.lock */ = {
			isa = PBXShellScriptBuildPhase;
			buildActionMask = 2147483647;
			files = (
			);
			inputFileListPaths = (
			);
			inputPaths = (
				"${PODS_PODFILE_DIR_PATH}/Podfile.lock",
				"${PODS_ROOT}/Manifest.lock",
			);
			name = "[CP] Check Pods Manifest.lock";
			outputFileListPaths = (
			);
			outputPaths = (
				"$(DERIVED_FILE_DIR)/Pods-FlixApp-FlixAppUITests-checkManifestLockResult.txt",
			);
			runOnlyForDeploymentPostprocessing = 0;
			shellPath = /bin/sh;
			shellScript = "diff \"${PODS_PODFILE_DIR_PATH}/Podfile.lock\" \"${PODS_ROOT}/Manifest.lock\" > /dev/null\nif [ $? != 0 ] ; then\n    # print error to STDERR\n    echo \"error: The sandbox is not in sync with the Podfile.lock. Run 'pod install' or update your CocoaPods installation.\" >&2\n    exit 1\nfi\n# This output is used by Xcode 'outputs' to avoid re-running this script phase.\necho \"SUCCESS\" > \"${SCRIPT_OUTPUT_FILE_0}\"\n";
			showEnvVarsInLog = 0;
		};
		DD551416C7FA2BBF567314A2 /* [CP] Embed Pods Frameworks */ = {
			isa = PBXShellScriptBuildPhase;
			buildActionMask = 2147483647;
			files = (
			);
			inputFileListPaths = (
				"${PODS_ROOT}/Target Support Files/Pods-FlixApp-FlixAppUITests/Pods-FlixApp-FlixAppUITests-frameworks-${CONFIGURATION}-input-files.xcfilelist",
			);
			name = "[CP] Embed Pods Frameworks";
			outputFileListPaths = (
				"${PODS_ROOT}/Target Support Files/Pods-FlixApp-FlixAppUITests/Pods-FlixApp-FlixAppUITests-frameworks-${CONFIGURATION}-output-files.xcfilelist",
			);
			runOnlyForDeploymentPostprocessing = 0;
			shellPath = /bin/sh;
			shellScript = "\"${PODS_ROOT}/Target Support Files/Pods-FlixApp-FlixAppUITests/Pods-FlixApp-FlixAppUITests-frameworks.sh\"\n";
			showEnvVarsInLog = 0;
		};
		F562E7F5138B638ACEB9B5B4 /* [CP] Embed Pods Frameworks */ = {
			isa = PBXShellScriptBuildPhase;
			buildActionMask = 2147483647;
			files = (
			);
			inputFileListPaths = (
				"${PODS_ROOT}/Target Support Files/Pods-FlixApp/Pods-FlixApp-frameworks-${CONFIGURATION}-input-files.xcfilelist",
			);
			name = "[CP] Embed Pods Frameworks";
			outputFileListPaths = (
				"${PODS_ROOT}/Target Support Files/Pods-FlixApp/Pods-FlixApp-frameworks-${CONFIGURATION}-output-files.xcfilelist",
			);
			runOnlyForDeploymentPostprocessing = 0;
			shellPath = /bin/sh;
			shellScript = "\"${PODS_ROOT}/Target Support Files/Pods-FlixApp/Pods-FlixApp-frameworks.sh\"\n";
			showEnvVarsInLog = 0;
		};
/* End PBXShellScriptBuildPhase section */

/* Begin PBXSourcesBuildPhase section */
		5870851825DB1B86000BDB10 /* Sources */ = {
			isa = PBXSourcesBuildPhase;
			buildActionMask = 2147483647;
			files = (
				589DA7F825E6FB6A00C194A3 /* MovieDetailsViewController.swift in Sources */,
				5870852025DB1B86000BDB10 /* AppDelegate.swift in Sources */,
				5870852225DB1B86000BDB10 /* SceneDelegate.swift in Sources */,
				5867009D25DED324006DB727 /* MovieCell.swift in Sources */,
				5870855625DB1F23000BDB10 /* MoviesViewController.swift in Sources */,
				5848F9EF25E837CC00CC13F6 /* MovieGridViewController.swift in Sources */,
			);
			runOnlyForDeploymentPostprocessing = 0;
		};
		5870852E25DB1B8A000BDB10 /* Sources */ = {
			isa = PBXSourcesBuildPhase;
			buildActionMask = 2147483647;
			files = (
				5870853725DB1B8A000BDB10 /* FlixAppTests.swift in Sources */,
			);
			runOnlyForDeploymentPostprocessing = 0;
		};
		5870853925DB1B8A000BDB10 /* Sources */ = {
			isa = PBXSourcesBuildPhase;
			buildActionMask = 2147483647;
			files = (
				5870854225DB1B8A000BDB10 /* FlixAppUITests.swift in Sources */,
			);
			runOnlyForDeploymentPostprocessing = 0;
		};
/* End PBXSourcesBuildPhase section */

/* Begin PBXTargetDependency section */
		5870853425DB1B8A000BDB10 /* PBXTargetDependency */ = {
			isa = PBXTargetDependency;
			target = 5870851B25DB1B86000BDB10 /* FlixApp */;
			targetProxy = 5870853325DB1B8A000BDB10 /* PBXContainerItemProxy */;
		};
		5870853F25DB1B8A000BDB10 /* PBXTargetDependency */ = {
			isa = PBXTargetDependency;
			target = 5870851B25DB1B86000BDB10 /* FlixApp */;
			targetProxy = 5870853E25DB1B8A000BDB10 /* PBXContainerItemProxy */;
		};
/* End PBXTargetDependency section */

/* Begin PBXVariantGroup section */
		5870852525DB1B86000BDB10 /* Main.storyboard */ = {
			isa = PBXVariantGroup;
			children = (
				5870852625DB1B86000BDB10 /* Base */,
			);
			name = Main.storyboard;
			sourceTree = "<group>";
		};
		5870852A25DB1B89000BDB10 /* LaunchScreen.storyboard */ = {
			isa = PBXVariantGroup;
			children = (
				5870852B25DB1B89000BDB10 /* Base */,
			);
			name = LaunchScreen.storyboard;
			sourceTree = "<group>";
		};
/* End PBXVariantGroup section */

/* Begin XCBuildConfiguration section */
		5870854425DB1B8A000BDB10 /* Debug */ = {
			isa = XCBuildConfiguration;
			buildSettings = {
				ALWAYS_SEARCH_USER_PATHS = NO;
				CLANG_ANALYZER_NONNULL = YES;
				CLANG_ANALYZER_NUMBER_OBJECT_CONVERSION = YES_AGGRESSIVE;
				CLANG_CXX_LANGUAGE_STANDARD = "gnu++14";
				CLANG_CXX_LIBRARY = "libc++";
				CLANG_ENABLE_MODULES = YES;
				CLANG_ENABLE_OBJC_ARC = YES;
				CLANG_ENABLE_OBJC_WEAK = YES;
				CLANG_WARN_BLOCK_CAPTURE_AUTORELEASING = YES;
				CLANG_WARN_BOOL_CONVERSION = YES;
				CLANG_WARN_COMMA = YES;
				CLANG_WARN_CONSTANT_CONVERSION = YES;
				CLANG_WARN_DEPRECATED_OBJC_IMPLEMENTATIONS = YES;
				CLANG_WARN_DIRECT_OBJC_ISA_USAGE = YES_ERROR;
				CLANG_WARN_DOCUMENTATION_COMMENTS = YES;
				CLANG_WARN_EMPTY_BODY = YES;
				CLANG_WARN_ENUM_CONVERSION = YES;
				CLANG_WARN_INFINITE_RECURSION = YES;
				CLANG_WARN_INT_CONVERSION = YES;
				CLANG_WARN_NON_LITERAL_NULL_CONVERSION = YES;
				CLANG_WARN_OBJC_IMPLICIT_RETAIN_SELF = YES;
				CLANG_WARN_OBJC_LITERAL_CONVERSION = YES;
				CLANG_WARN_OBJC_ROOT_CLASS = YES_ERROR;
				CLANG_WARN_QUOTED_INCLUDE_IN_FRAMEWORK_HEADER = YES;
				CLANG_WARN_RANGE_LOOP_ANALYSIS = YES;
				CLANG_WARN_STRICT_PROTOTYPES = YES;
				CLANG_WARN_SUSPICIOUS_MOVE = YES;
				CLANG_WARN_UNGUARDED_AVAILABILITY = YES_AGGRESSIVE;
				CLANG_WARN_UNREACHABLE_CODE = YES;
				CLANG_WARN__DUPLICATE_METHOD_MATCH = YES;
				COPY_PHASE_STRIP = NO;
				DEBUG_INFORMATION_FORMAT = dwarf;
				ENABLE_STRICT_OBJC_MSGSEND = YES;
				ENABLE_TESTABILITY = YES;
				GCC_C_LANGUAGE_STANDARD = gnu11;
				GCC_DYNAMIC_NO_PIC = NO;
				GCC_NO_COMMON_BLOCKS = YES;
				GCC_OPTIMIZATION_LEVEL = 0;
				GCC_PREPROCESSOR_DEFINITIONS = (
					"DEBUG=1",
					"$(inherited)",
				);
				GCC_WARN_64_TO_32_BIT_CONVERSION = YES;
				GCC_WARN_ABOUT_RETURN_TYPE = YES_ERROR;
				GCC_WARN_UNDECLARED_SELECTOR = YES;
				GCC_WARN_UNINITIALIZED_AUTOS = YES_AGGRESSIVE;
				GCC_WARN_UNUSED_FUNCTION = YES;
				GCC_WARN_UNUSED_VARIABLE = YES;
				IPHONEOS_DEPLOYMENT_TARGET = 14.4;
				MTL_ENABLE_DEBUG_INFO = INCLUDE_SOURCE;
				MTL_FAST_MATH = YES;
				ONLY_ACTIVE_ARCH = YES;
				SDKROOT = iphoneos;
				SWIFT_ACTIVE_COMPILATION_CONDITIONS = DEBUG;
				SWIFT_OPTIMIZATION_LEVEL = "-Onone";
			};
			name = Debug;
		};
		5870854525DB1B8A000BDB10 /* Release */ = {
			isa = XCBuildConfiguration;
			buildSettings = {
				ALWAYS_SEARCH_USER_PATHS = NO;
				CLANG_ANALYZER_NONNULL = YES;
				CLANG_ANALYZER_NUMBER_OBJECT_CONVERSION = YES_AGGRESSIVE;
				CLANG_CXX_LANGUAGE_STANDARD = "gnu++14";
				CLANG_CXX_LIBRARY = "libc++";
				CLANG_ENABLE_MODULES = YES;
				CLANG_ENABLE_OBJC_ARC = YES;
				CLANG_ENABLE_OBJC_WEAK = YES;
				CLANG_WARN_BLOCK_CAPTURE_AUTORELEASING = YES;
				CLANG_WARN_BOOL_CONVERSION = YES;
				CLANG_WARN_COMMA = YES;
				CLANG_WARN_CONSTANT_CONVERSION = YES;
				CLANG_WARN_DEPRECATED_OBJC_IMPLEMENTATIONS = YES;
				CLANG_WARN_DIRECT_OBJC_ISA_USAGE = YES_ERROR;
				CLANG_WARN_DOCUMENTATION_COMMENTS = YES;
				CLANG_WARN_EMPTY_BODY = YES;
				CLANG_WARN_ENUM_CONVERSION = YES;
				CLANG_WARN_INFINITE_RECURSION = YES;
				CLANG_WARN_INT_CONVERSION = YES;
				CLANG_WARN_NON_LITERAL_NULL_CONVERSION = YES;
				CLANG_WARN_OBJC_IMPLICIT_RETAIN_SELF = YES;
				CLANG_WARN_OBJC_LITERAL_CONVERSION = YES;
				CLANG_WARN_OBJC_ROOT_CLASS = YES_ERROR;
				CLANG_WARN_QUOTED_INCLUDE_IN_FRAMEWORK_HEADER = YES;
				CLANG_WARN_RANGE_LOOP_ANALYSIS = YES;
				CLANG_WARN_STRICT_PROTOTYPES = YES;
				CLANG_WARN_SUSPICIOUS_MOVE = YES;
				CLANG_WARN_UNGUARDED_AVAILABILITY = YES_AGGRESSIVE;
				CLANG_WARN_UNREACHABLE_CODE = YES;
				CLANG_WARN__DUPLICATE_METHOD_MATCH = YES;
				COPY_PHASE_STRIP = NO;
				DEBUG_INFORMATION_FORMAT = "dwarf-with-dsym";
				ENABLE_NS_ASSERTIONS = NO;
				ENABLE_STRICT_OBJC_MSGSEND = YES;
				GCC_C_LANGUAGE_STANDARD = gnu11;
				GCC_NO_COMMON_BLOCKS = YES;
				GCC_WARN_64_TO_32_BIT_CONVERSION = YES;
				GCC_WARN_ABOUT_RETURN_TYPE = YES_ERROR;
				GCC_WARN_UNDECLARED_SELECTOR = YES;
				GCC_WARN_UNINITIALIZED_AUTOS = YES_AGGRESSIVE;
				GCC_WARN_UNUSED_FUNCTION = YES;
				GCC_WARN_UNUSED_VARIABLE = YES;
				IPHONEOS_DEPLOYMENT_TARGET = 14.4;
				MTL_ENABLE_DEBUG_INFO = NO;
				MTL_FAST_MATH = YES;
				SDKROOT = iphoneos;
				SWIFT_COMPILATION_MODE = wholemodule;
				SWIFT_OPTIMIZATION_LEVEL = "-O";
				VALIDATE_PRODUCT = YES;
			};
			name = Release;
		};
		5870854725DB1B8A000BDB10 /* Debug */ = {
			isa = XCBuildConfiguration;
			baseConfigurationReference = EA137187C4B0F18AD6FF596B /* Pods-FlixApp.debug.xcconfig */;
			buildSettings = {
				ASSETCATALOG_COMPILER_APPICON_NAME = AppIcon;
				ASSETCATALOG_COMPILER_GLOBAL_ACCENT_COLOR_NAME = AccentColor;
				CODE_SIGN_STYLE = Automatic;
				DEVELOPMENT_TEAM = 2LX8V757F4;
				INFOPLIST_FILE = FlixApp/Info.plist;
				LD_RUNPATH_SEARCH_PATHS = (
					"$(inherited)",
					"@executable_path/Frameworks",
				);
				PRODUCT_BUNDLE_IDENTIFIER = com.example.FlixApp;
				PRODUCT_NAME = "$(TARGET_NAME)";
				SWIFT_VERSION = 5.0;
				TARGETED_DEVICE_FAMILY = "1,2";
			};
			name = Debug;
		};
		5870854825DB1B8A000BDB10 /* Release */ = {
			isa = XCBuildConfiguration;
			baseConfigurationReference = 2AC6FDC1E2755655786FC3AC /* Pods-FlixApp.release.xcconfig */;
			buildSettings = {
				ASSETCATALOG_COMPILER_APPICON_NAME = AppIcon;
				ASSETCATALOG_COMPILER_GLOBAL_ACCENT_COLOR_NAME = AccentColor;
				CODE_SIGN_STYLE = Automatic;
				DEVELOPMENT_TEAM = 2LX8V757F4;
				INFOPLIST_FILE = FlixApp/Info.plist;
				LD_RUNPATH_SEARCH_PATHS = (
					"$(inherited)",
					"@executable_path/Frameworks",
				);
				PRODUCT_BUNDLE_IDENTIFIER = com.example.FlixApp;
				PRODUCT_NAME = "$(TARGET_NAME)";
				SWIFT_VERSION = 5.0;
				TARGETED_DEVICE_FAMILY = "1,2";
			};
			name = Release;
		};
		5870854A25DB1B8A000BDB10 /* Debug */ = {
			isa = XCBuildConfiguration;
			baseConfigurationReference = 0C50F5E9C4E6A81F58A3948F /* Pods-FlixAppTests.debug.xcconfig */;
			buildSettings = {
				ALWAYS_EMBED_SWIFT_STANDARD_LIBRARIES = YES;
				BUNDLE_LOADER = "$(TEST_HOST)";
				CODE_SIGN_STYLE = Automatic;
				DEVELOPMENT_TEAM = 2LX8V757F4;
				INFOPLIST_FILE = FlixAppTests/Info.plist;
				IPHONEOS_DEPLOYMENT_TARGET = 14.4;
				LD_RUNPATH_SEARCH_PATHS = (
					"$(inherited)",
					"@executable_path/Frameworks",
					"@loader_path/Frameworks",
				);
				PRODUCT_BUNDLE_IDENTIFIER = com.example.FlixAppTests;
				PRODUCT_NAME = "$(TARGET_NAME)";
				SWIFT_VERSION = 5.0;
				TARGETED_DEVICE_FAMILY = "1,2";
				TEST_HOST = "$(BUILT_PRODUCTS_DIR)/FlixApp.app/FlixApp";
			};
			name = Debug;
		};
		5870854B25DB1B8A000BDB10 /* Release */ = {
			isa = XCBuildConfiguration;
			baseConfigurationReference = DCE017818093357982CCF7AD /* Pods-FlixAppTests.release.xcconfig */;
			buildSettings = {
				ALWAYS_EMBED_SWIFT_STANDARD_LIBRARIES = YES;
				BUNDLE_LOADER = "$(TEST_HOST)";
				CODE_SIGN_STYLE = Automatic;
				DEVELOPMENT_TEAM = 2LX8V757F4;
				INFOPLIST_FILE = FlixAppTests/Info.plist;
				IPHONEOS_DEPLOYMENT_TARGET = 14.4;
				LD_RUNPATH_SEARCH_PATHS = (
					"$(inherited)",
					"@executable_path/Frameworks",
					"@loader_path/Frameworks",
				);
				PRODUCT_BUNDLE_IDENTIFIER = com.example.FlixAppTests;
				PRODUCT_NAME = "$(TARGET_NAME)";
				SWIFT_VERSION = 5.0;
				TARGETED_DEVICE_FAMILY = "1,2";
				TEST_HOST = "$(BUILT_PRODUCTS_DIR)/FlixApp.app/FlixApp";
			};
			name = Release;
		};
		5870854D25DB1B8A000BDB10 /* Debug */ = {
			isa = XCBuildConfiguration;
			baseConfigurationReference = 5252AF6986DB28C99E64E373 /* Pods-FlixApp-FlixAppUITests.debug.xcconfig */;
			buildSettings = {
				ALWAYS_EMBED_SWIFT_STANDARD_LIBRARIES = YES;
				CODE_SIGN_STYLE = Automatic;
				DEVELOPMENT_TEAM = 2LX8V757F4;
				INFOPLIST_FILE = FlixAppUITests/Info.plist;
				LD_RUNPATH_SEARCH_PATHS = (
					"$(inherited)",
					"@executable_path/Frameworks",
					"@loader_path/Frameworks",
				);
				PRODUCT_BUNDLE_IDENTIFIER = com.example.FlixAppUITests;
				PRODUCT_NAME = "$(TARGET_NAME)";
				SWIFT_VERSION = 5.0;
				TARGETED_DEVICE_FAMILY = "1,2";
				TEST_TARGET_NAME = FlixApp;
			};
			name = Debug;
		};
		5870854E25DB1B8A000BDB10 /* Release */ = {
			isa = XCBuildConfiguration;
			baseConfigurationReference = D46C0B5A4AE5CFDD422147E2 /* Pods-FlixApp-FlixAppUITests.release.xcconfig */;
			buildSettings = {
				ALWAYS_EMBED_SWIFT_STANDARD_LIBRARIES = YES;
				CODE_SIGN_STYLE = Automatic;
				DEVELOPMENT_TEAM = 2LX8V757F4;
				INFOPLIST_FILE = FlixAppUITests/Info.plist;
				LD_RUNPATH_SEARCH_PATHS = (
					"$(inherited)",
					"@executable_path/Frameworks",
					"@loader_path/Frameworks",
				);
				PRODUCT_BUNDLE_IDENTIFIER = com.example.FlixAppUITests;
				PRODUCT_NAME = "$(TARGET_NAME)";
				SWIFT_VERSION = 5.0;
				TARGETED_DEVICE_FAMILY = "1,2";
				TEST_TARGET_NAME = FlixApp;
			};
			name = Release;
		};
/* End XCBuildConfiguration section */

/* Begin XCConfigurationList section */
		5870851725DB1B86000BDB10 /* Build configuration list for PBXProject "FlixApp" */ = {
			isa = XCConfigurationList;
			buildConfigurations = (
				5870854425DB1B8A000BDB10 /* Debug */,
				5870854525DB1B8A000BDB10 /* Release */,
			);
			defaultConfigurationIsVisible = 0;
			defaultConfigurationName = Release;
		};
		5870854625DB1B8A000BDB10 /* Build configuration list for PBXNativeTarget "FlixApp" */ = {
			isa = XCConfigurationList;
			buildConfigurations = (
				5870854725DB1B8A000BDB10 /* Debug */,
				5870854825DB1B8A000BDB10 /* Release */,
			);
			defaultConfigurationIsVisible = 0;
			defaultConfigurationName = Release;
		};
		5870854925DB1B8A000BDB10 /* Build configuration list for PBXNativeTarget "FlixAppTests" */ = {
			isa = XCConfigurationList;
			buildConfigurations = (
				5870854A25DB1B8A000BDB10 /* Debug */,
				5870854B25DB1B8A000BDB10 /* Release */,
			);
			defaultConfigurationIsVisible = 0;
			defaultConfigurationName = Release;
		};
		5870854C25DB1B8A000BDB10 /* Build configuration list for PBXNativeTarget "FlixAppUITests" */ = {
			isa = XCConfigurationList;
			buildConfigurations = (
				5870854D25DB1B8A000BDB10 /* Debug */,
				5870854E25DB1B8A000BDB10 /* Release */,
			);
			defaultConfigurationIsVisible = 0;
			defaultConfigurationName = Release;
		};
/* End XCConfigurationList section */
	};
	rootObject = 5870851425DB1B86000BDB10 /* Project object */;
}
